
Microsoft Visual Studio Solution File, Format Version 12.00
# Visual Studio Version 17
VisualStudioVersion = 17.10.35122.118
MinimumVisualStudioVersion = 10.0.40219.1
Project("{FAE04EC0-301F-11D3-BF4B-00C04F79EFBC}") = "KnoWidge.Android", "KnoWidge\KnoWidge.Android\KnoWidge.Android.csproj", "{D90CF16B-D322-43A1-AD6E-471C97B73CB0}"
EndProject
Project("{FAE04EC0-301F-11D3-BF4B-00C04F79EFBC}") = "KnoWidge.iOS", "KnoWidge\KnoWidge.iOS\KnoWidge.iOS.csproj", "{65ED6B4A-780D-47FF-843C-0C8D2CA4BAFA}"
EndProject
Project("{FAE04EC0-301F-11D3-BF4B-00C04F79EFBC}") = "KnoWidge", "KnoWidge\KnoWidge\KnoWidge.csproj", "{4EB70E99-1841-4C24-9E5F-FE8AF8C79021}"
EndProject
Global
	GlobalSection(SolutionConfigurationPlatforms) = preSolution
		Debug|Any CPU = Debug|Any CPU
		Debug|iPhone = Debug|iPhone
		Debug|iPhoneSimulator = Debug|iPhoneSimulator
		Release|Any CPU = Release|Any CPU
		Release|iPhone = Release|iPhone
		Release|iPhoneSimulator = Release|iPhoneSimulator
	EndGlobalSection
	GlobalSection(ProjectConfigurationPlatforms) = postSolution
		{D90CF16B-D322-43A1-AD6E-471C97B73CB0}.Debug|Any CPU.ActiveCfg = Debug|Any CPU
		{D90CF16B-D322-43A1-AD6E-471C97B73CB0}.Debug|Any CPU.Build.0 = Debug|Any CPU
		{D90CF16B-D322-43A1-AD6E-471C97B73CB0}.Debug|Any CPU.Deploy.0 = Debug|Any CPU
		{D90CF16B-D322-43A1-AD6E-471C97B73CB0}.Debug|iPhone.ActiveCfg = Debug|Any CPU
		{D90CF16B-D322-43A1-AD6E-471C97B73CB0}.Debug|iPhone.Build.0 = Debug|Any CPU
		{D90CF16B-D322-43A1-AD6E-471C97B73CB0}.Debug|iPhone.Deploy.0 = Debug|Any CPU
		{D90CF16B-D322-43A1-AD6E-471C97B73CB0}.Debug|iPhoneSimulator.ActiveCfg = Debug|Any CPU
		{D90CF16B-D322-43A1-AD6E-471C97B73CB0}.Debug|iPhoneSimulator.Build.0 = Debug|Any CPU
		{D90CF16B-D322-43A1-AD6E-471C97B73CB0}.Debug|iPhoneSimulator.Deploy.0 = Debug|Any CPU
		{D90CF16B-D322-43A1-AD6E-471C97B73CB0}.Release|Any CPU.ActiveCfg = Release|Any CPU
		{D90CF16B-D322-43A1-AD6E-471C97B73CB0}.Release|Any CPU.Build.0 = Release|Any CPU
		{D90CF16B-D322-43A1-AD6E-471C97B73CB0}.Release|Any CPU.Deploy.0 = Release|Any CPU
		{D90CF16B-D322-43A1-AD6E-471C97B73CB0}.Release|iPhone.ActiveCfg = Release|Any CPU
		{D90CF16B-D322-43A1-AD6E-471C97B73CB0}.Release|iPhone.Build.0 = Release|Any CPU
		{D90CF16B-D322-43A1-AD6E-471C97B73CB0}.Release|iPhone.Deploy.0 = Release|Any CPU
		{D90CF16B-D322-43A1-AD6E-471C97B73CB0}.Release|iPhoneSimulator.ActiveCfg = Release|Any CPU
		{D90CF16B-D322-43A1-AD6E-471C97B73CB0}.Release|iPhoneSimulator.Build.0 = Release|Any CPU
		{D90CF16B-D322-43A1-AD6E-471C97B73CB0}.Release|iPhoneSimulator.Deploy.0 = Release|Any CPU
		{65ED6B4A-780D-47FF-843C-0C8D2CA4BAFA}.Debug|Any CPU.ActiveCfg = Debug|iPhone
		{65ED6B4A-780D-47FF-843C-0C8D2CA4BAFA}.Debug|Any CPU.Build.0 = Debug|iPhone
		{65ED6B4A-780D-47FF-843C-0C8D2CA4BAFA}.Debug|Any CPU.Deploy.0 = Debug|iPhone
		{65ED6B4A-780D-47FF-843C-0C8D2CA4BAFA}.Debug|iPhone.ActiveCfg = Debug|iPhone
		{65ED6B4A-780D-47FF-843C-0C8D2CA4BAFA}.Debug|iPhone.Build.0 = Debug|iPhone
		{65ED6B4A-780D-47FF-843C-0C8D2CA4BAFA}.Debug|iPhone.Deploy.0 = Debug|iPhone
		{65ED6B4A-780D-47FF-843C-0C8D2CA4BAFA}.Debug|iPhoneSimulator.ActiveCfg = Debug|iPhoneSimulator
		{65ED6B4A-780D-47FF-843C-0C8D2CA4BAFA}.Debug|iPhoneSimulator.Build.0 = Debug|iPhoneSimulator
		{65ED6B4A-780D-47FF-843C-0C8D2CA4BAFA}.Debug|iPhoneSimulator.Deploy.0 = Debug|iPhoneSimulator
		{65ED6B4A-780D-47FF-843C-0C8D2CA4BAFA}.Release|Any CPU.ActiveCfg = Release|iPhoneSimulator
		{65ED6B4A-780D-47FF-843C-0C8D2CA4BAFA}.Release|Any CPU.Build.0 = Release|iPhoneSimulator
		{65ED6B4A-780D-47FF-843C-0C8D2CA4BAFA}.Release|Any CPU.Deploy.0 = Release|iPhoneSimulator
		{65ED6B4A-780D-47FF-843C-0C8D2CA4BAFA}.Release|iPhone.ActiveCfg = Release|iPhone
		{65ED6B4A-780D-47FF-843C-0C8D2CA4BAFA}.Release|iPhone.Build.0 = Release|iPhone
		{65ED6B4A-780D-47FF-843C-0C8D2CA4BAFA}.Release|iPhone.Deploy.0 = Release|iPhone
		{65ED6B4A-780D-47FF-843C-0C8D2CA4BAFA}.Release|iPhoneSimulator.ActiveCfg = Release|iPhoneSimulator
		{65ED6B4A-780D-47FF-843C-0C8D2CA4BAFA}.Release|iPhoneSimulator.Build.0 = Release|iPhoneSimulator
		{65ED6B4A-780D-47FF-843C-0C8D2CA4BAFA}.Release|iPhoneSimulator.Deploy.0 = Release|iPhoneSimulator
		{4EB70E99-1841-4C24-9E5F-FE8AF8C79021}.Debug|Any CPU.ActiveCfg = Debug|Any CPU
		{4EB70E99-1841-4C24-9E5F-FE8AF8C79021}.Debug|Any CPU.Build.0 = Debug|Any CPU
		{4EB70E99-1841-4C24-9E5F-FE8AF8C79021}.Debug|Any CPU.Deploy.0 = Debug|Any CPU
		{4EB70E99-1841-4C24-9E5F-FE8AF8C79021}.Debug|iPhone.ActiveCfg = Debug|Any CPU
		{4EB70E99-1841-4C24-9E5F-FE8AF8C79021}.Debug|iPhone.Build.0 = Debug|Any CPU
		{4EB70E99-1841-4C24-9E5F-FE8AF8C79021}.Debug|iPhone.Deploy.0 = Debug|Any CPU
		{4EB70E99-1841-4C24-9E5F-FE8AF8C79021}.Debug|iPhoneSimulator.ActiveCfg = Debug|Any CPU
		{4EB70E99-1841-4C24-9E5F-FE8AF8C79021}.Debug|iPhoneSimulator.Build.0 = Debug|Any CPU
		{4EB70E99-1841-4C24-9E5F-FE8AF8C79021}.Debug|iPhoneSimulator.Deploy.0 = Debug|Any CPU
		{4EB70E99-1841-4C24-9E5F-FE8AF8C79021}.Release|Any CPU.ActiveCfg = Release|Any CPU
		{4EB70E99-1841-4C24-9E5F-FE8AF8C79021}.Release|Any CPU.Build.0 = Release|Any CPU
		{4EB70E99-1841-4C24-9E5F-FE8AF8C79021}.Release|Any CPU.Deploy.0 = Release|Any CPU
		{4EB70E99-1841-4C24-9E5F-FE8AF8C79021}.Release|iPhone.ActiveCfg = Release|Any CPU
		{4EB70E99-1841-4C24-9E5F-FE8AF8C79021}.Release|iPhone.Build.0 = Release|Any CPU
		{4EB70E99-1841-4C24-9E5F-FE8AF8C79021}.Release|iPhone.Deploy.0 = Release|Any CPU
		{4EB70E99-1841-4C24-9E5F-FE8AF8C79021}.Release|iPhoneSimulator.ActiveCfg = Release|Any CPU
		{4EB70E99-1841-4C24-9E5F-FE8AF8C79021}.Release|iPhoneSimulator.Build.0 = Release|Any CPU
		{4EB70E99-1841-4C24-9E5F-FE8AF8C79021}.Release|iPhoneSimulator.Deploy.0 = Release|Any CPU
	EndGlobalSection
	GlobalSection(SolutionProperties) = preSolution
		HideSolutionNode = FALSE
	EndGlobalSection
	GlobalSection(ExtensibilityGlobals) = postSolution
		SolutionGuid = {1960ABB2-7859-427D-A542-82452AC12609}
	EndGlobalSection
EndGlobal
